// !$*UTF8*$!
{
	archiveVersion = 1;
	classes = {
	};
	objectVersion = 56;
	objects = {

/* Begin PBXBuildFile section */
<<<<<<< HEAD
		93040C0A2BDA767F00C55B9A /* APITesting.swift in Sources */ = {isa = PBXBuildFile; fileRef = 93040C092BDA767F00C55B9A /* APITesting.swift */; };
=======
		93040C0A2BDA767F00C55B9A /* JsonResultPreview.swift in Sources */ = {isa = PBXBuildFile; fileRef = 93040C092BDA767F00C55B9A /* JsonResultPreview.swift */; };
		93040C0E2BDA8E0400C55B9A /* ReportingView.swift in Sources */ = {isa = PBXBuildFile; fileRef = 93040C0D2BDA8E0400C55B9A /* ReportingView.swift */; };
		9309A3762BDA57C1005C903F /* AnimalDetailsView.swift in Sources */ = {isa = PBXBuildFile; fileRef = 9309A3752BDA57C1005C903F /* AnimalDetailsView.swift */; };
>>>>>>> 36478e53d1c759d945d0c3793afadde5b3c4dbb2
		933BA0FE2BD39DA600CB9A88 /* MapView.swift in Sources */ = {isa = PBXBuildFile; fileRef = 933BA0FD2BD39DA600CB9A88 /* MapView.swift */; };
		933BA1002BD3A5E000CB9A88 /* Map_SearchBar.swift in Sources */ = {isa = PBXBuildFile; fileRef = 933BA0FF2BD3A5E000CB9A88 /* Map_SearchBar.swift */; };
		933BA10A2BD3D14600CB9A88 /* CustomAnnotation.swift in Sources */ = {isa = PBXBuildFile; fileRef = 933BA1092BD3D14600CB9A88 /* CustomAnnotation.swift */; };
		9350B45C2BCAF26300DC2FB7 /* FYP_2024App.swift in Sources */ = {isa = PBXBuildFile; fileRef = 9350B45B2BCAF26300DC2FB7 /* FYP_2024App.swift */; };
		9350B45E2BCAF26300DC2FB7 /* ContentView.swift in Sources */ = {isa = PBXBuildFile; fileRef = 9350B45D2BCAF26300DC2FB7 /* ContentView.swift */; };
		9350B4602BCAF26300DC2FB7 /* Assets.xcassets in Resources */ = {isa = PBXBuildFile; fileRef = 9350B45F2BCAF26300DC2FB7 /* Assets.xcassets */; };
		9350B4642BCAF26300DC2FB7 /* Preview Assets.xcassets in Resources */ = {isa = PBXBuildFile; fileRef = 9350B4632BCAF26300DC2FB7 /* Preview Assets.xcassets */; };
		9350B46E2BCAF26400DC2FB7 /* FYP_2024Tests.swift in Sources */ = {isa = PBXBuildFile; fileRef = 9350B46D2BCAF26400DC2FB7 /* FYP_2024Tests.swift */; };
		9350B4782BCAF26400DC2FB7 /* FYP_2024UITests.swift in Sources */ = {isa = PBXBuildFile; fileRef = 9350B4772BCAF26400DC2FB7 /* FYP_2024UITests.swift */; };
		9350B47A2BCAF26400DC2FB7 /* FYP_2024UITestsLaunchTests.swift in Sources */ = {isa = PBXBuildFile; fileRef = 9350B4792BCAF26400DC2FB7 /* FYP_2024UITestsLaunchTests.swift */; };
		93C90C9F2BD4107300C6B660 /* FilterView.swift in Sources */ = {isa = PBXBuildFile; fileRef = 93C90C9E2BD4107300C6B660 /* FilterView.swift */; };
		AB0D57FA2BD42F0300D89984 /* TapsView.swift in Sources */ = {isa = PBXBuildFile; fileRef = AB0D57F92BD42F0300D89984 /* TapsView.swift */; };
		AB0D57FE2BD4334900D89984 /* FavouriteView.swift in Sources */ = {isa = PBXBuildFile; fileRef = AB0D57FD2BD4334900D89984 /* FavouriteView.swift */; };
		AB91E8002BD9C89B00AA7F85 /* AccountView.swift in Sources */ = {isa = PBXBuildFile; fileRef = AB91E7FF2BD9C89B00AA7F85 /* AccountView.swift */; };
		AB91E8022BD9C91E00AA7F85 /* DonateView.swift in Sources */ = {isa = PBXBuildFile; fileRef = AB91E8012BD9C91E00AA7F85 /* DonateView.swift */; };
		AB91E8052BD9E9D700AA7F85 /* EditProfileView.swift in Sources */ = {isa = PBXBuildFile; fileRef = AB91E8042BD9E9D700AA7F85 /* EditProfileView.swift */; };
		AB91E8072BD9EA3300AA7F85 /* MyReportsView.swift in Sources */ = {isa = PBXBuildFile; fileRef = AB91E8062BD9EA3300AA7F85 /* MyReportsView.swift */; };
		AB91E8092BD9EA5000AA7F85 /* FavouriteBlogsView.swift in Sources */ = {isa = PBXBuildFile; fileRef = AB91E8082BD9EA5000AA7F85 /* FavouriteBlogsView.swift */; };
		AB91E80B2BD9EA6800AA7F85 /* MyNotificationsView.swift in Sources */ = {isa = PBXBuildFile; fileRef = AB91E80A2BD9EA6800AA7F85 /* MyNotificationsView.swift */; };
		AB91E80D2BD9EA7900AA7F85 /* FAQView.swift in Sources */ = {isa = PBXBuildFile; fileRef = AB91E80C2BD9EA7900AA7F85 /* FAQView.swift */; };
		AB91E80F2BD9EA8900AA7F85 /* SettingView.swift in Sources */ = {isa = PBXBuildFile; fileRef = AB91E80E2BD9EA8900AA7F85 /* SettingView.swift */; };
		AB91E8122BDA5D2100AA7F85 /* PaymentView.swift in Sources */ = {isa = PBXBuildFile; fileRef = AB91E8112BDA5D2100AA7F85 /* PaymentView.swift */; };
		AB91E8142BDA99E200AA7F85 /* AnimalDetailsView.swift in Sources */ = {isa = PBXBuildFile; fileRef = AB91E8132BDA99E200AA7F85 /* AnimalDetailsView.swift */; };
		ABEC70542BD41BA70014082E /* BlogView.swift in Sources */ = {isa = PBXBuildFile; fileRef = ABEC70532BD41BA70014082E /* BlogView.swift */; };
/* End PBXBuildFile section */

/* Begin PBXContainerItemProxy section */
		9350B46A2BCAF26400DC2FB7 /* PBXContainerItemProxy */ = {
			isa = PBXContainerItemProxy;
			containerPortal = 9350B4502BCAF26200DC2FB7 /* Project object */;
			proxyType = 1;
			remoteGlobalIDString = 9350B4572BCAF26300DC2FB7;
			remoteInfo = FYP_2024;
		};
		9350B4742BCAF26400DC2FB7 /* PBXContainerItemProxy */ = {
			isa = PBXContainerItemProxy;
			containerPortal = 9350B4502BCAF26200DC2FB7 /* Project object */;
			proxyType = 1;
			remoteGlobalIDString = 9350B4572BCAF26300DC2FB7;
			remoteInfo = FYP_2024;
		};
/* End PBXContainerItemProxy section */

/* Begin PBXFileReference section */
<<<<<<< HEAD
		93040C092BDA767F00C55B9A /* APITesting.swift */ = {isa = PBXFileReference; lastKnownFileType = sourcecode.swift; path = APITesting.swift; sourceTree = "<group>"; };
=======
		93040C092BDA767F00C55B9A /* JsonResultPreview.swift */ = {isa = PBXFileReference; lastKnownFileType = sourcecode.swift; path = JsonResultPreview.swift; sourceTree = "<group>"; };
		93040C0D2BDA8E0400C55B9A /* ReportingView.swift */ = {isa = PBXFileReference; lastKnownFileType = sourcecode.swift; path = ReportingView.swift; sourceTree = "<group>"; };
		9309A3752BDA57C1005C903F /* AnimalDetailsView.swift */ = {isa = PBXFileReference; lastKnownFileType = sourcecode.swift; path = AnimalDetailsView.swift; sourceTree = "<group>"; };
>>>>>>> 36478e53d1c759d945d0c3793afadde5b3c4dbb2
		933BA0FD2BD39DA600CB9A88 /* MapView.swift */ = {isa = PBXFileReference; lastKnownFileType = sourcecode.swift; path = MapView.swift; sourceTree = "<group>"; };
		933BA0FF2BD3A5E000CB9A88 /* Map_SearchBar.swift */ = {isa = PBXFileReference; lastKnownFileType = sourcecode.swift; path = Map_SearchBar.swift; sourceTree = "<group>"; };
		933BA1092BD3D14600CB9A88 /* CustomAnnotation.swift */ = {isa = PBXFileReference; lastKnownFileType = sourcecode.swift; path = CustomAnnotation.swift; sourceTree = "<group>"; };
		9350B4582BCAF26300DC2FB7 /* FYP_2024.app */ = {isa = PBXFileReference; explicitFileType = wrapper.application; includeInIndex = 0; path = FYP_2024.app; sourceTree = BUILT_PRODUCTS_DIR; };
		9350B45B2BCAF26300DC2FB7 /* FYP_2024App.swift */ = {isa = PBXFileReference; lastKnownFileType = sourcecode.swift; path = FYP_2024App.swift; sourceTree = "<group>"; };
		9350B45D2BCAF26300DC2FB7 /* ContentView.swift */ = {isa = PBXFileReference; lastKnownFileType = sourcecode.swift; path = ContentView.swift; sourceTree = "<group>"; };
		9350B45F2BCAF26300DC2FB7 /* Assets.xcassets */ = {isa = PBXFileReference; lastKnownFileType = folder.assetcatalog; path = Assets.xcassets; sourceTree = "<group>"; };
		9350B4612BCAF26300DC2FB7 /* FYP_2024.entitlements */ = {isa = PBXFileReference; lastKnownFileType = text.plist.entitlements; path = FYP_2024.entitlements; sourceTree = "<group>"; };
		9350B4632BCAF26300DC2FB7 /* Preview Assets.xcassets */ = {isa = PBXFileReference; lastKnownFileType = folder.assetcatalog; path = "Preview Assets.xcassets"; sourceTree = "<group>"; };
		9350B4692BCAF26400DC2FB7 /* FYP_2024Tests.xctest */ = {isa = PBXFileReference; explicitFileType = wrapper.cfbundle; includeInIndex = 0; path = FYP_2024Tests.xctest; sourceTree = BUILT_PRODUCTS_DIR; };
		9350B46D2BCAF26400DC2FB7 /* FYP_2024Tests.swift */ = {isa = PBXFileReference; lastKnownFileType = sourcecode.swift; path = FYP_2024Tests.swift; sourceTree = "<group>"; };
		9350B4732BCAF26400DC2FB7 /* FYP_2024UITests.xctest */ = {isa = PBXFileReference; explicitFileType = wrapper.cfbundle; includeInIndex = 0; path = FYP_2024UITests.xctest; sourceTree = BUILT_PRODUCTS_DIR; };
		9350B4772BCAF26400DC2FB7 /* FYP_2024UITests.swift */ = {isa = PBXFileReference; lastKnownFileType = sourcecode.swift; path = FYP_2024UITests.swift; sourceTree = "<group>"; };
		9350B4792BCAF26400DC2FB7 /* FYP_2024UITestsLaunchTests.swift */ = {isa = PBXFileReference; lastKnownFileType = sourcecode.swift; path = FYP_2024UITestsLaunchTests.swift; sourceTree = "<group>"; };
		93C90C9E2BD4107300C6B660 /* FilterView.swift */ = {isa = PBXFileReference; lastKnownFileType = sourcecode.swift; path = FilterView.swift; sourceTree = "<group>"; };
		AB0D57F92BD42F0300D89984 /* TapsView.swift */ = {isa = PBXFileReference; lastKnownFileType = sourcecode.swift; path = TapsView.swift; sourceTree = "<group>"; };
		AB0D57FD2BD4334900D89984 /* FavouriteView.swift */ = {isa = PBXFileReference; lastKnownFileType = sourcecode.swift; path = FavouriteView.swift; sourceTree = "<group>"; };
		AB91E7FF2BD9C89B00AA7F85 /* AccountView.swift */ = {isa = PBXFileReference; lastKnownFileType = sourcecode.swift; path = AccountView.swift; sourceTree = "<group>"; };
		AB91E8012BD9C91E00AA7F85 /* DonateView.swift */ = {isa = PBXFileReference; lastKnownFileType = sourcecode.swift; path = DonateView.swift; sourceTree = "<group>"; };
		AB91E8042BD9E9D700AA7F85 /* EditProfileView.swift */ = {isa = PBXFileReference; lastKnownFileType = sourcecode.swift; path = EditProfileView.swift; sourceTree = "<group>"; };
		AB91E8062BD9EA3300AA7F85 /* MyReportsView.swift */ = {isa = PBXFileReference; lastKnownFileType = sourcecode.swift; path = MyReportsView.swift; sourceTree = "<group>"; };
		AB91E8082BD9EA5000AA7F85 /* FavouriteBlogsView.swift */ = {isa = PBXFileReference; lastKnownFileType = sourcecode.swift; path = FavouriteBlogsView.swift; sourceTree = "<group>"; };
		AB91E80A2BD9EA6800AA7F85 /* MyNotificationsView.swift */ = {isa = PBXFileReference; lastKnownFileType = sourcecode.swift; path = MyNotificationsView.swift; sourceTree = "<group>"; };
		AB91E80C2BD9EA7900AA7F85 /* FAQView.swift */ = {isa = PBXFileReference; lastKnownFileType = sourcecode.swift; path = FAQView.swift; sourceTree = "<group>"; };
		AB91E80E2BD9EA8900AA7F85 /* SettingView.swift */ = {isa = PBXFileReference; lastKnownFileType = sourcecode.swift; path = SettingView.swift; sourceTree = "<group>"; };
		AB91E8112BDA5D2100AA7F85 /* PaymentView.swift */ = {isa = PBXFileReference; lastKnownFileType = sourcecode.swift; path = PaymentView.swift; sourceTree = "<group>"; };
		AB91E8132BDA99E200AA7F85 /* AnimalDetailsView.swift */ = {isa = PBXFileReference; lastKnownFileType = sourcecode.swift; path = AnimalDetailsView.swift; sourceTree = "<group>"; };
		ABEC70532BD41BA70014082E /* BlogView.swift */ = {isa = PBXFileReference; lastKnownFileType = sourcecode.swift; path = BlogView.swift; sourceTree = "<group>"; };
/* End PBXFileReference section */

/* Begin PBXFrameworksBuildPhase section */
		9350B4552BCAF26300DC2FB7 /* Frameworks */ = {
			isa = PBXFrameworksBuildPhase;
			buildActionMask = 2147483647;
			files = (
			);
			runOnlyForDeploymentPostprocessing = 0;
		};
		9350B4662BCAF26400DC2FB7 /* Frameworks */ = {
			isa = PBXFrameworksBuildPhase;
			buildActionMask = 2147483647;
			files = (
			);
			runOnlyForDeploymentPostprocessing = 0;
		};
		9350B4702BCAF26400DC2FB7 /* Frameworks */ = {
			isa = PBXFrameworksBuildPhase;
			buildActionMask = 2147483647;
			files = (
			);
			runOnlyForDeploymentPostprocessing = 0;
		};
/* End PBXFrameworksBuildPhase section */

/* Begin PBXGroup section */
		9350B44F2BCAF26200DC2FB7 = {
			isa = PBXGroup;
			children = (
				9350B45A2BCAF26300DC2FB7 /* FYP_2024 */,
				9350B46C2BCAF26400DC2FB7 /* FYP_2024Tests */,
				9350B4762BCAF26400DC2FB7 /* FYP_2024UITests */,
				9350B4592BCAF26300DC2FB7 /* Products */,
			);
			sourceTree = "<group>";
		};
		9350B4592BCAF26300DC2FB7 /* Products */ = {
			isa = PBXGroup;
			children = (
				9350B4582BCAF26300DC2FB7 /* FYP_2024.app */,
				9350B4692BCAF26400DC2FB7 /* FYP_2024Tests.xctest */,
				9350B4732BCAF26400DC2FB7 /* FYP_2024UITests.xctest */,
			);
			name = Products;
			sourceTree = "<group>";
		};
		9350B45A2BCAF26300DC2FB7 /* FYP_2024 */ = {
			isa = PBXGroup;
			children = (
				AB91E8102BDA5CFE00AA7F85 /* DonateView */,
				9350B45B2BCAF26300DC2FB7 /* FYP_2024App.swift */,
				93040C0D2BDA8E0400C55B9A /* ReportingView.swift */,
				9350B45D2BCAF26300DC2FB7 /* ContentView.swift */,
				AB0D57F92BD42F0300D89984 /* TapsView.swift */,
				AB91E8132BDA99E200AA7F85 /* AnimalDetailsView.swift */,
				AB91E8012BD9C91E00AA7F85 /* DonateView.swift */,
				AB91E7FF2BD9C89B00AA7F85 /* AccountView.swift */,
				AB0D57FD2BD4334900D89984 /* FavouriteView.swift */,
				933BA0FD2BD39DA600CB9A88 /* MapView.swift */,
				93040C092BDA767F00C55B9A /* JsonResultPreview.swift */,
				ABEC70532BD41BA70014082E /* BlogView.swift */,
				933BA1092BD3D14600CB9A88 /* CustomAnnotation.swift */,
				933BA0FF2BD3A5E000CB9A88 /* Map_SearchBar.swift */,
				93C90C9E2BD4107300C6B660 /* FilterView.swift */,
				AB91E8032BD9E9BA00AA7F85 /* AccountView */,
				9350B45F2BCAF26300DC2FB7 /* Assets.xcassets */,
				9350B4612BCAF26300DC2FB7 /* FYP_2024.entitlements */,
				9350B4622BCAF26300DC2FB7 /* Preview Content */,
			);
			path = FYP_2024;
			sourceTree = "<group>";
		};
		9350B4622BCAF26300DC2FB7 /* Preview Content */ = {
			isa = PBXGroup;
			children = (
				9350B4632BCAF26300DC2FB7 /* Preview Assets.xcassets */,
			);
			path = "Preview Content";
			sourceTree = "<group>";
		};
		9350B46C2BCAF26400DC2FB7 /* FYP_2024Tests */ = {
			isa = PBXGroup;
			children = (
				9350B46D2BCAF26400DC2FB7 /* FYP_2024Tests.swift */,
			);
			path = FYP_2024Tests;
			sourceTree = "<group>";
		};
		9350B4762BCAF26400DC2FB7 /* FYP_2024UITests */ = {
			isa = PBXGroup;
			children = (
				9350B4772BCAF26400DC2FB7 /* FYP_2024UITests.swift */,
				9350B4792BCAF26400DC2FB7 /* FYP_2024UITestsLaunchTests.swift */,
			);
			path = FYP_2024UITests;
			sourceTree = "<group>";
		};
		AB91E8032BD9E9BA00AA7F85 /* AccountView */ = {
			isa = PBXGroup;
			children = (
				AB91E8042BD9E9D700AA7F85 /* EditProfileView.swift */,
				AB91E8062BD9EA3300AA7F85 /* MyReportsView.swift */,
				AB91E8082BD9EA5000AA7F85 /* FavouriteBlogsView.swift */,
				AB91E80A2BD9EA6800AA7F85 /* MyNotificationsView.swift */,
				AB91E80C2BD9EA7900AA7F85 /* FAQView.swift */,
				AB91E80E2BD9EA8900AA7F85 /* SettingView.swift */,
			);
			path = AccountView;
			sourceTree = "<group>";
		};
		AB91E8102BDA5CFE00AA7F85 /* DonateView */ = {
			isa = PBXGroup;
			children = (
				AB91E8112BDA5D2100AA7F85 /* PaymentView.swift */,
			);
			path = DonateView;
			sourceTree = "<group>";
		};
/* End PBXGroup section */

/* Begin PBXNativeTarget section */
		9350B4572BCAF26300DC2FB7 /* FYP_2024 */ = {
			isa = PBXNativeTarget;
			buildConfigurationList = 9350B47D2BCAF26400DC2FB7 /* Build configuration list for PBXNativeTarget "FYP_2024" */;
			buildPhases = (
				9350B4542BCAF26300DC2FB7 /* Sources */,
				9350B4552BCAF26300DC2FB7 /* Frameworks */,
				9350B4562BCAF26300DC2FB7 /* Resources */,
			);
			buildRules = (
			);
			dependencies = (
			);
			name = FYP_2024;
			productName = FYP_2024;
			productReference = 9350B4582BCAF26300DC2FB7 /* FYP_2024.app */;
			productType = "com.apple.product-type.application";
		};
		9350B4682BCAF26400DC2FB7 /* FYP_2024Tests */ = {
			isa = PBXNativeTarget;
			buildConfigurationList = 9350B4802BCAF26400DC2FB7 /* Build configuration list for PBXNativeTarget "FYP_2024Tests" */;
			buildPhases = (
				9350B4652BCAF26400DC2FB7 /* Sources */,
				9350B4662BCAF26400DC2FB7 /* Frameworks */,
				9350B4672BCAF26400DC2FB7 /* Resources */,
			);
			buildRules = (
			);
			dependencies = (
				9350B46B2BCAF26400DC2FB7 /* PBXTargetDependency */,
			);
			name = FYP_2024Tests;
			productName = FYP_2024Tests;
			productReference = 9350B4692BCAF26400DC2FB7 /* FYP_2024Tests.xctest */;
			productType = "com.apple.product-type.bundle.unit-test";
		};
		9350B4722BCAF26400DC2FB7 /* FYP_2024UITests */ = {
			isa = PBXNativeTarget;
			buildConfigurationList = 9350B4832BCAF26400DC2FB7 /* Build configuration list for PBXNativeTarget "FYP_2024UITests" */;
			buildPhases = (
				9350B46F2BCAF26400DC2FB7 /* Sources */,
				9350B4702BCAF26400DC2FB7 /* Frameworks */,
				9350B4712BCAF26400DC2FB7 /* Resources */,
			);
			buildRules = (
			);
			dependencies = (
				9350B4752BCAF26400DC2FB7 /* PBXTargetDependency */,
			);
			name = FYP_2024UITests;
			productName = FYP_2024UITests;
			productReference = 9350B4732BCAF26400DC2FB7 /* FYP_2024UITests.xctest */;
			productType = "com.apple.product-type.bundle.ui-testing";
		};
/* End PBXNativeTarget section */

/* Begin PBXProject section */
		9350B4502BCAF26200DC2FB7 /* Project object */ = {
			isa = PBXProject;
			attributes = {
				BuildIndependentTargetsInParallel = 1;
				LastSwiftUpdateCheck = 1520;
				LastUpgradeCheck = 1520;
				TargetAttributes = {
					9350B4572BCAF26300DC2FB7 = {
						CreatedOnToolsVersion = 15.2;
					};
					9350B4682BCAF26400DC2FB7 = {
						CreatedOnToolsVersion = 15.2;
						TestTargetID = 9350B4572BCAF26300DC2FB7;
					};
					9350B4722BCAF26400DC2FB7 = {
						CreatedOnToolsVersion = 15.2;
						TestTargetID = 9350B4572BCAF26300DC2FB7;
					};
				};
			};
			buildConfigurationList = 9350B4532BCAF26200DC2FB7 /* Build configuration list for PBXProject "FYP_2024" */;
			compatibilityVersion = "Xcode 14.0";
			developmentRegion = en;
			hasScannedForEncodings = 0;
			knownRegions = (
				en,
				Base,
			);
			mainGroup = 9350B44F2BCAF26200DC2FB7;
			productRefGroup = 9350B4592BCAF26300DC2FB7 /* Products */;
			projectDirPath = "";
			projectRoot = "";
			targets = (
				9350B4572BCAF26300DC2FB7 /* FYP_2024 */,
				9350B4682BCAF26400DC2FB7 /* FYP_2024Tests */,
				9350B4722BCAF26400DC2FB7 /* FYP_2024UITests */,
			);
		};
/* End PBXProject section */

/* Begin PBXResourcesBuildPhase section */
		9350B4562BCAF26300DC2FB7 /* Resources */ = {
			isa = PBXResourcesBuildPhase;
			buildActionMask = 2147483647;
			files = (
				9350B4642BCAF26300DC2FB7 /* Preview Assets.xcassets in Resources */,
				9350B4602BCAF26300DC2FB7 /* Assets.xcassets in Resources */,
			);
			runOnlyForDeploymentPostprocessing = 0;
		};
		9350B4672BCAF26400DC2FB7 /* Resources */ = {
			isa = PBXResourcesBuildPhase;
			buildActionMask = 2147483647;
			files = (
			);
			runOnlyForDeploymentPostprocessing = 0;
		};
		9350B4712BCAF26400DC2FB7 /* Resources */ = {
			isa = PBXResourcesBuildPhase;
			buildActionMask = 2147483647;
			files = (
			);
			runOnlyForDeploymentPostprocessing = 0;
		};
/* End PBXResourcesBuildPhase section */

/* Begin PBXSourcesBuildPhase section */
		9350B4542BCAF26300DC2FB7 /* Sources */ = {
			isa = PBXSourcesBuildPhase;
			buildActionMask = 2147483647;
			files = (
				9350B45E2BCAF26300DC2FB7 /* ContentView.swift in Sources */,
				933BA0FE2BD39DA600CB9A88 /* MapView.swift in Sources */,
				933BA10A2BD3D14600CB9A88 /* CustomAnnotation.swift in Sources */,
				AB91E8022BD9C91E00AA7F85 /* DonateView.swift in Sources */,
				93C90C9F2BD4107300C6B660 /* FilterView.swift in Sources */,
				AB91E8002BD9C89B00AA7F85 /* AccountView.swift in Sources */,
				933BA1002BD3A5E000CB9A88 /* Map_SearchBar.swift in Sources */,
				AB0D57FE2BD4334900D89984 /* FavouriteView.swift in Sources */,
				AB91E80B2BD9EA6800AA7F85 /* MyNotificationsView.swift in Sources */,
				AB91E80F2BD9EA8900AA7F85 /* SettingView.swift in Sources */,
				ABEC70542BD41BA70014082E /* BlogView.swift in Sources */,
				AB91E8072BD9EA3300AA7F85 /* MyReportsView.swift in Sources */,
				93040C0A2BDA767F00C55B9A /* JsonResultPreview.swift in Sources */,
				AB91E80D2BD9EA7900AA7F85 /* FAQView.swift in Sources */,
				AB0D57FA2BD42F0300D89984 /* TapsView.swift in Sources */,
				93040C0E2BDA8E0400C55B9A /* ReportingView.swift in Sources */,
				9350B45C2BCAF26300DC2FB7 /* FYP_2024App.swift in Sources */,
				AB91E8092BD9EA5000AA7F85 /* FavouriteBlogsView.swift in Sources */,
				AB91E8142BDA99E200AA7F85 /* AnimalDetailsView.swift in Sources */,
				AB91E8122BDA5D2100AA7F85 /* PaymentView.swift in Sources */,
				AB91E8052BD9E9D700AA7F85 /* EditProfileView.swift in Sources */,
			);
			runOnlyForDeploymentPostprocessing = 0;
		};
		9350B4652BCAF26400DC2FB7 /* Sources */ = {
			isa = PBXSourcesBuildPhase;
			buildActionMask = 2147483647;
			files = (
				9350B46E2BCAF26400DC2FB7 /* FYP_2024Tests.swift in Sources */,
			);
			runOnlyForDeploymentPostprocessing = 0;
		};
		9350B46F2BCAF26400DC2FB7 /* Sources */ = {
			isa = PBXSourcesBuildPhase;
			buildActionMask = 2147483647;
			files = (
				9350B47A2BCAF26400DC2FB7 /* FYP_2024UITestsLaunchTests.swift in Sources */,
				9350B4782BCAF26400DC2FB7 /* FYP_2024UITests.swift in Sources */,
			);
			runOnlyForDeploymentPostprocessing = 0;
		};
/* End PBXSourcesBuildPhase section */

/* Begin PBXTargetDependency section */
		9350B46B2BCAF26400DC2FB7 /* PBXTargetDependency */ = {
			isa = PBXTargetDependency;
			target = 9350B4572BCAF26300DC2FB7 /* FYP_2024 */;
			targetProxy = 9350B46A2BCAF26400DC2FB7 /* PBXContainerItemProxy */;
		};
		9350B4752BCAF26400DC2FB7 /* PBXTargetDependency */ = {
			isa = PBXTargetDependency;
			target = 9350B4572BCAF26300DC2FB7 /* FYP_2024 */;
			targetProxy = 9350B4742BCAF26400DC2FB7 /* PBXContainerItemProxy */;
		};
/* End PBXTargetDependency section */

/* Begin XCBuildConfiguration section */
		9350B47B2BCAF26400DC2FB7 /* Debug */ = {
			isa = XCBuildConfiguration;
			buildSettings = {
				ALWAYS_SEARCH_USER_PATHS = NO;
				ASSETCATALOG_COMPILER_GENERATE_SWIFT_ASSET_SYMBOL_EXTENSIONS = YES;
				CLANG_ANALYZER_NONNULL = YES;
				CLANG_ANALYZER_NUMBER_OBJECT_CONVERSION = YES_AGGRESSIVE;
				CLANG_CXX_LANGUAGE_STANDARD = "gnu++20";
				CLANG_ENABLE_MODULES = YES;
				CLANG_ENABLE_OBJC_ARC = YES;
				CLANG_ENABLE_OBJC_WEAK = YES;
				CLANG_WARN_BLOCK_CAPTURE_AUTORELEASING = YES;
				CLANG_WARN_BOOL_CONVERSION = YES;
				CLANG_WARN_COMMA = YES;
				CLANG_WARN_CONSTANT_CONVERSION = YES;
				CLANG_WARN_DEPRECATED_OBJC_IMPLEMENTATIONS = YES;
				CLANG_WARN_DIRECT_OBJC_ISA_USAGE = YES_ERROR;
				CLANG_WARN_DOCUMENTATION_COMMENTS = YES;
				CLANG_WARN_EMPTY_BODY = YES;
				CLANG_WARN_ENUM_CONVERSION = YES;
				CLANG_WARN_INFINITE_RECURSION = YES;
				CLANG_WARN_INT_CONVERSION = YES;
				CLANG_WARN_NON_LITERAL_NULL_CONVERSION = YES;
				CLANG_WARN_OBJC_IMPLICIT_RETAIN_SELF = YES;
				CLANG_WARN_OBJC_LITERAL_CONVERSION = YES;
				CLANG_WARN_OBJC_ROOT_CLASS = YES_ERROR;
				CLANG_WARN_QUOTED_INCLUDE_IN_FRAMEWORK_HEADER = YES;
				CLANG_WARN_RANGE_LOOP_ANALYSIS = YES;
				CLANG_WARN_STRICT_PROTOTYPES = YES;
				CLANG_WARN_SUSPICIOUS_MOVE = YES;
				CLANG_WARN_UNGUARDED_AVAILABILITY = YES_AGGRESSIVE;
				CLANG_WARN_UNREACHABLE_CODE = YES;
				CLANG_WARN__DUPLICATE_METHOD_MATCH = YES;
				COPY_PHASE_STRIP = NO;
				DEBUG_INFORMATION_FORMAT = dwarf;
				ENABLE_STRICT_OBJC_MSGSEND = YES;
				ENABLE_TESTABILITY = YES;
				ENABLE_USER_SCRIPT_SANDBOXING = YES;
				GCC_C_LANGUAGE_STANDARD = gnu17;
				GCC_DYNAMIC_NO_PIC = NO;
				GCC_NO_COMMON_BLOCKS = YES;
				GCC_OPTIMIZATION_LEVEL = 0;
				GCC_PREPROCESSOR_DEFINITIONS = (
					"DEBUG=1",
					"$(inherited)",
				);
				GCC_WARN_64_TO_32_BIT_CONVERSION = YES;
				GCC_WARN_ABOUT_RETURN_TYPE = YES_ERROR;
				GCC_WARN_UNDECLARED_SELECTOR = YES;
				GCC_WARN_UNINITIALIZED_AUTOS = YES_AGGRESSIVE;
				GCC_WARN_UNUSED_FUNCTION = YES;
				GCC_WARN_UNUSED_VARIABLE = YES;
				LOCALIZATION_PREFERS_STRING_CATALOGS = YES;
				MTL_ENABLE_DEBUG_INFO = INCLUDE_SOURCE;
				MTL_FAST_MATH = YES;
				ONLY_ACTIVE_ARCH = YES;
				SWIFT_ACTIVE_COMPILATION_CONDITIONS = "DEBUG $(inherited)";
				SWIFT_OPTIMIZATION_LEVEL = "-Onone";
			};
			name = Debug;
		};
		9350B47C2BCAF26400DC2FB7 /* Release */ = {
			isa = XCBuildConfiguration;
			buildSettings = {
				ALWAYS_SEARCH_USER_PATHS = NO;
				ASSETCATALOG_COMPILER_GENERATE_SWIFT_ASSET_SYMBOL_EXTENSIONS = YES;
				CLANG_ANALYZER_NONNULL = YES;
				CLANG_ANALYZER_NUMBER_OBJECT_CONVERSION = YES_AGGRESSIVE;
				CLANG_CXX_LANGUAGE_STANDARD = "gnu++20";
				CLANG_ENABLE_MODULES = YES;
				CLANG_ENABLE_OBJC_ARC = YES;
				CLANG_ENABLE_OBJC_WEAK = YES;
				CLANG_WARN_BLOCK_CAPTURE_AUTORELEASING = YES;
				CLANG_WARN_BOOL_CONVERSION = YES;
				CLANG_WARN_COMMA = YES;
				CLANG_WARN_CONSTANT_CONVERSION = YES;
				CLANG_WARN_DEPRECATED_OBJC_IMPLEMENTATIONS = YES;
				CLANG_WARN_DIRECT_OBJC_ISA_USAGE = YES_ERROR;
				CLANG_WARN_DOCUMENTATION_COMMENTS = YES;
				CLANG_WARN_EMPTY_BODY = YES;
				CLANG_WARN_ENUM_CONVERSION = YES;
				CLANG_WARN_INFINITE_RECURSION = YES;
				CLANG_WARN_INT_CONVERSION = YES;
				CLANG_WARN_NON_LITERAL_NULL_CONVERSION = YES;
				CLANG_WARN_OBJC_IMPLICIT_RETAIN_SELF = YES;
				CLANG_WARN_OBJC_LITERAL_CONVERSION = YES;
				CLANG_WARN_OBJC_ROOT_CLASS = YES_ERROR;
				CLANG_WARN_QUOTED_INCLUDE_IN_FRAMEWORK_HEADER = YES;
				CLANG_WARN_RANGE_LOOP_ANALYSIS = YES;
				CLANG_WARN_STRICT_PROTOTYPES = YES;
				CLANG_WARN_SUSPICIOUS_MOVE = YES;
				CLANG_WARN_UNGUARDED_AVAILABILITY = YES_AGGRESSIVE;
				CLANG_WARN_UNREACHABLE_CODE = YES;
				CLANG_WARN__DUPLICATE_METHOD_MATCH = YES;
				COPY_PHASE_STRIP = NO;
				DEBUG_INFORMATION_FORMAT = "dwarf-with-dsym";
				ENABLE_NS_ASSERTIONS = NO;
				ENABLE_STRICT_OBJC_MSGSEND = YES;
				ENABLE_USER_SCRIPT_SANDBOXING = YES;
				GCC_C_LANGUAGE_STANDARD = gnu17;
				GCC_NO_COMMON_BLOCKS = YES;
				GCC_WARN_64_TO_32_BIT_CONVERSION = YES;
				GCC_WARN_ABOUT_RETURN_TYPE = YES_ERROR;
				GCC_WARN_UNDECLARED_SELECTOR = YES;
				GCC_WARN_UNINITIALIZED_AUTOS = YES_AGGRESSIVE;
				GCC_WARN_UNUSED_FUNCTION = YES;
				GCC_WARN_UNUSED_VARIABLE = YES;
				LOCALIZATION_PREFERS_STRING_CATALOGS = YES;
				MTL_ENABLE_DEBUG_INFO = NO;
				MTL_FAST_MATH = YES;
				SWIFT_COMPILATION_MODE = wholemodule;
			};
			name = Release;
		};
		9350B47E2BCAF26400DC2FB7 /* Debug */ = {
			isa = XCBuildConfiguration;
			buildSettings = {
				ASSETCATALOG_COMPILER_APPICON_NAME = AppIcon;
				ASSETCATALOG_COMPILER_GLOBAL_ACCENT_COLOR_NAME = AccentColor;
				CODE_SIGN_ENTITLEMENTS = FYP_2024/FYP_2024.entitlements;
				CODE_SIGN_STYLE = Automatic;
				CURRENT_PROJECT_VERSION = 1;
				DEVELOPMENT_ASSET_PATHS = "\"FYP_2024/Preview Content\"";
				ENABLE_PREVIEWS = YES;
				GENERATE_INFOPLIST_FILE = YES;
				"INFOPLIST_KEY_UIApplicationSceneManifest_Generation[sdk=iphoneos*]" = YES;
				"INFOPLIST_KEY_UIApplicationSceneManifest_Generation[sdk=iphonesimulator*]" = YES;
				"INFOPLIST_KEY_UIApplicationSupportsIndirectInputEvents[sdk=iphoneos*]" = YES;
				"INFOPLIST_KEY_UIApplicationSupportsIndirectInputEvents[sdk=iphonesimulator*]" = YES;
				"INFOPLIST_KEY_UILaunchScreen_Generation[sdk=iphoneos*]" = YES;
				"INFOPLIST_KEY_UILaunchScreen_Generation[sdk=iphonesimulator*]" = YES;
				"INFOPLIST_KEY_UIStatusBarStyle[sdk=iphoneos*]" = UIStatusBarStyleDefault;
				"INFOPLIST_KEY_UIStatusBarStyle[sdk=iphonesimulator*]" = UIStatusBarStyleDefault;
				INFOPLIST_KEY_UISupportedInterfaceOrientations_iPad = "UIInterfaceOrientationPortrait UIInterfaceOrientationPortraitUpsideDown UIInterfaceOrientationLandscapeLeft UIInterfaceOrientationLandscapeRight";
				INFOPLIST_KEY_UISupportedInterfaceOrientations_iPhone = "UIInterfaceOrientationPortrait UIInterfaceOrientationLandscapeLeft UIInterfaceOrientationLandscapeRight";
				IPHONEOS_DEPLOYMENT_TARGET = 17.2;
				LD_RUNPATH_SEARCH_PATHS = "@executable_path/Frameworks";
				"LD_RUNPATH_SEARCH_PATHS[sdk=macosx*]" = "@executable_path/../Frameworks";
				MACOSX_DEPLOYMENT_TARGET = 14.2;
				MARKETING_VERSION = 1.0;
				PRODUCT_BUNDLE_IDENTIFIER = "com.AT.FYP-2024";
				PRODUCT_NAME = "$(TARGET_NAME)";
				SDKROOT = auto;
				SUPPORTED_PLATFORMS = "iphoneos iphonesimulator macosx";
				SWIFT_EMIT_LOC_STRINGS = YES;
				SWIFT_VERSION = 5.0;
				TARGETED_DEVICE_FAMILY = "1,2";
			};
			name = Debug;
		};
		9350B47F2BCAF26400DC2FB7 /* Release */ = {
			isa = XCBuildConfiguration;
			buildSettings = {
				ASSETCATALOG_COMPILER_APPICON_NAME = AppIcon;
				ASSETCATALOG_COMPILER_GLOBAL_ACCENT_COLOR_NAME = AccentColor;
				CODE_SIGN_ENTITLEMENTS = FYP_2024/FYP_2024.entitlements;
				CODE_SIGN_STYLE = Automatic;
				CURRENT_PROJECT_VERSION = 1;
				DEVELOPMENT_ASSET_PATHS = "\"FYP_2024/Preview Content\"";
				ENABLE_PREVIEWS = YES;
				GENERATE_INFOPLIST_FILE = YES;
				"INFOPLIST_KEY_UIApplicationSceneManifest_Generation[sdk=iphoneos*]" = YES;
				"INFOPLIST_KEY_UIApplicationSceneManifest_Generation[sdk=iphonesimulator*]" = YES;
				"INFOPLIST_KEY_UIApplicationSupportsIndirectInputEvents[sdk=iphoneos*]" = YES;
				"INFOPLIST_KEY_UIApplicationSupportsIndirectInputEvents[sdk=iphonesimulator*]" = YES;
				"INFOPLIST_KEY_UILaunchScreen_Generation[sdk=iphoneos*]" = YES;
				"INFOPLIST_KEY_UILaunchScreen_Generation[sdk=iphonesimulator*]" = YES;
				"INFOPLIST_KEY_UIStatusBarStyle[sdk=iphoneos*]" = UIStatusBarStyleDefault;
				"INFOPLIST_KEY_UIStatusBarStyle[sdk=iphonesimulator*]" = UIStatusBarStyleDefault;
				INFOPLIST_KEY_UISupportedInterfaceOrientations_iPad = "UIInterfaceOrientationPortrait UIInterfaceOrientationPortraitUpsideDown UIInterfaceOrientationLandscapeLeft UIInterfaceOrientationLandscapeRight";
				INFOPLIST_KEY_UISupportedInterfaceOrientations_iPhone = "UIInterfaceOrientationPortrait UIInterfaceOrientationLandscapeLeft UIInterfaceOrientationLandscapeRight";
				IPHONEOS_DEPLOYMENT_TARGET = 17.2;
				LD_RUNPATH_SEARCH_PATHS = "@executable_path/Frameworks";
				"LD_RUNPATH_SEARCH_PATHS[sdk=macosx*]" = "@executable_path/../Frameworks";
				MACOSX_DEPLOYMENT_TARGET = 14.2;
				MARKETING_VERSION = 1.0;
				PRODUCT_BUNDLE_IDENTIFIER = "com.AT.FYP-2024";
				PRODUCT_NAME = "$(TARGET_NAME)";
				SDKROOT = auto;
				SUPPORTED_PLATFORMS = "iphoneos iphonesimulator macosx";
				SWIFT_EMIT_LOC_STRINGS = YES;
				SWIFT_VERSION = 5.0;
				TARGETED_DEVICE_FAMILY = "1,2";
			};
			name = Release;
		};
		9350B4812BCAF26400DC2FB7 /* Debug */ = {
			isa = XCBuildConfiguration;
			buildSettings = {
				ALWAYS_EMBED_SWIFT_STANDARD_LIBRARIES = YES;
				BUNDLE_LOADER = "$(TEST_HOST)";
				CODE_SIGN_STYLE = Automatic;
				CURRENT_PROJECT_VERSION = 1;
				GENERATE_INFOPLIST_FILE = YES;
				IPHONEOS_DEPLOYMENT_TARGET = 17.2;
				MACOSX_DEPLOYMENT_TARGET = 14.2;
				MARKETING_VERSION = 1.0;
				PRODUCT_BUNDLE_IDENTIFIER = "com.AT.FYP-2024Tests";
				PRODUCT_NAME = "$(TARGET_NAME)";
				SDKROOT = auto;
				SUPPORTED_PLATFORMS = "iphoneos iphonesimulator macosx";
				SWIFT_EMIT_LOC_STRINGS = NO;
				SWIFT_VERSION = 5.0;
				TARGETED_DEVICE_FAMILY = "1,2";
				TEST_HOST = "$(BUILT_PRODUCTS_DIR)/FYP_2024.app/$(BUNDLE_EXECUTABLE_FOLDER_PATH)/FYP_2024";
			};
			name = Debug;
		};
		9350B4822BCAF26400DC2FB7 /* Release */ = {
			isa = XCBuildConfiguration;
			buildSettings = {
				ALWAYS_EMBED_SWIFT_STANDARD_LIBRARIES = YES;
				BUNDLE_LOADER = "$(TEST_HOST)";
				CODE_SIGN_STYLE = Automatic;
				CURRENT_PROJECT_VERSION = 1;
				GENERATE_INFOPLIST_FILE = YES;
				IPHONEOS_DEPLOYMENT_TARGET = 17.2;
				MACOSX_DEPLOYMENT_TARGET = 14.2;
				MARKETING_VERSION = 1.0;
				PRODUCT_BUNDLE_IDENTIFIER = "com.AT.FYP-2024Tests";
				PRODUCT_NAME = "$(TARGET_NAME)";
				SDKROOT = auto;
				SUPPORTED_PLATFORMS = "iphoneos iphonesimulator macosx";
				SWIFT_EMIT_LOC_STRINGS = NO;
				SWIFT_VERSION = 5.0;
				TARGETED_DEVICE_FAMILY = "1,2";
				TEST_HOST = "$(BUILT_PRODUCTS_DIR)/FYP_2024.app/$(BUNDLE_EXECUTABLE_FOLDER_PATH)/FYP_2024";
			};
			name = Release;
		};
		9350B4842BCAF26400DC2FB7 /* Debug */ = {
			isa = XCBuildConfiguration;
			buildSettings = {
				ALWAYS_EMBED_SWIFT_STANDARD_LIBRARIES = YES;
				CODE_SIGN_STYLE = Automatic;
				CURRENT_PROJECT_VERSION = 1;
				GENERATE_INFOPLIST_FILE = YES;
				IPHONEOS_DEPLOYMENT_TARGET = 17.2;
				MACOSX_DEPLOYMENT_TARGET = 14.2;
				MARKETING_VERSION = 1.0;
				PRODUCT_BUNDLE_IDENTIFIER = "com.AT.FYP-2024UITests";
				PRODUCT_NAME = "$(TARGET_NAME)";
				SDKROOT = auto;
				SUPPORTED_PLATFORMS = "iphoneos iphonesimulator macosx";
				SWIFT_EMIT_LOC_STRINGS = NO;
				SWIFT_VERSION = 5.0;
				TARGETED_DEVICE_FAMILY = "1,2";
				TEST_TARGET_NAME = FYP_2024;
			};
			name = Debug;
		};
		9350B4852BCAF26400DC2FB7 /* Release */ = {
			isa = XCBuildConfiguration;
			buildSettings = {
				ALWAYS_EMBED_SWIFT_STANDARD_LIBRARIES = YES;
				CODE_SIGN_STYLE = Automatic;
				CURRENT_PROJECT_VERSION = 1;
				GENERATE_INFOPLIST_FILE = YES;
				IPHONEOS_DEPLOYMENT_TARGET = 17.2;
				MACOSX_DEPLOYMENT_TARGET = 14.2;
				MARKETING_VERSION = 1.0;
				PRODUCT_BUNDLE_IDENTIFIER = "com.AT.FYP-2024UITests";
				PRODUCT_NAME = "$(TARGET_NAME)";
				SDKROOT = auto;
				SUPPORTED_PLATFORMS = "iphoneos iphonesimulator macosx";
				SWIFT_EMIT_LOC_STRINGS = NO;
				SWIFT_VERSION = 5.0;
				TARGETED_DEVICE_FAMILY = "1,2";
				TEST_TARGET_NAME = FYP_2024;
			};
			name = Release;
		};
/* End XCBuildConfiguration section */

/* Begin XCConfigurationList section */
		9350B4532BCAF26200DC2FB7 /* Build configuration list for PBXProject "FYP_2024" */ = {
			isa = XCConfigurationList;
			buildConfigurations = (
				9350B47B2BCAF26400DC2FB7 /* Debug */,
				9350B47C2BCAF26400DC2FB7 /* Release */,
			);
			defaultConfigurationIsVisible = 0;
			defaultConfigurationName = Release;
		};
		9350B47D2BCAF26400DC2FB7 /* Build configuration list for PBXNativeTarget "FYP_2024" */ = {
			isa = XCConfigurationList;
			buildConfigurations = (
				9350B47E2BCAF26400DC2FB7 /* Debug */,
				9350B47F2BCAF26400DC2FB7 /* Release */,
			);
			defaultConfigurationIsVisible = 0;
			defaultConfigurationName = Release;
		};
		9350B4802BCAF26400DC2FB7 /* Build configuration list for PBXNativeTarget "FYP_2024Tests" */ = {
			isa = XCConfigurationList;
			buildConfigurations = (
				9350B4812BCAF26400DC2FB7 /* Debug */,
				9350B4822BCAF26400DC2FB7 /* Release */,
			);
			defaultConfigurationIsVisible = 0;
			defaultConfigurationName = Release;
		};
		9350B4832BCAF26400DC2FB7 /* Build configuration list for PBXNativeTarget "FYP_2024UITests" */ = {
			isa = XCConfigurationList;
			buildConfigurations = (
				9350B4842BCAF26400DC2FB7 /* Debug */,
				9350B4852BCAF26400DC2FB7 /* Release */,
			);
			defaultConfigurationIsVisible = 0;
			defaultConfigurationName = Release;
		};
/* End XCConfigurationList section */
	};
	rootObject = 9350B4502BCAF26200DC2FB7 /* Project object */;
}
